
Microsoft Visual Studio Solution File, Format Version 12.00
# Visual Studio Version 16
VisualStudioVersion = 16.0.29230.61
MinimumVisualStudioVersion = 10.0.40219.1
Project("{2150E333-8FDC-42A3-9474-1A3956D46DE8}") = "src", "src", "{0BD41B8E-9398-4F8E-B665-FD8515A6B4B9}"
EndProject
Project("{9A19103F-16F7-4668-BE54-9A1E7A4F7556}") = "Services.Common.Caching", "src\Services.Common.Caching\Services.Common.Caching.csproj", "{A6004D80-E99D-4768-A292-4CACA0470A2A}"
EndProject
Project("{2150E333-8FDC-42A3-9474-1A3956D46DE8}") = "test", "test", "{D2A87589-0387-450F-AD74-6742E4B25CB5}"
EndProject
Project("{9A19103F-16F7-4668-BE54-9A1E7A4F7556}") = "Services.Common.Caching.Test", "test\Services.Common.Caching.Test\Services.Common.Caching.Test.csproj", "{058F353A-BFDC-4B0D-ACC2-8C9517CDEA40}"
EndProject
Global
	GlobalSection(SolutionConfigurationPlatforms) = preSolution
		Debug|Any CPU = Debug|Any CPU
		Release|Any CPU = Release|Any CPU
	EndGlobalSection
	GlobalSection(ProjectConfigurationPlatforms) = postSolution
		{A6004D80-E99D-4768-A292-4CACA0470A2A}.Debug|Any CPU.ActiveCfg = Debug|Any CPU
		{A6004D80-E99D-4768-A292-4CACA0470A2A}.Debug|Any CPU.Build.0 = Debug|Any CPU
		{A6004D80-E99D-4768-A292-4CACA0470A2A}.Release|Any CPU.ActiveCfg = Release|Any CPU
		{A6004D80-E99D-4768-A292-4CACA0470A2A}.Release|Any CPU.Build.0 = Release|Any CPU
		{058F353A-BFDC-4B0D-ACC2-8C9517CDEA40}.Debug|Any CPU.ActiveCfg = Debug|Any CPU
		{058F353A-BFDC-4B0D-ACC2-8C9517CDEA40}.Debug|Any CPU.Build.0 = Debug|Any CPU
		{058F353A-BFDC-4B0D-ACC2-8C9517CDEA40}.Release|Any CPU.ActiveCfg = Release|Any CPU
		{058F353A-BFDC-4B0D-ACC2-8C9517CDEA40}.Release|Any CPU.Build.0 = Release|Any CPU
	EndGlobalSection
	GlobalSection(SolutionProperties) = preSolution
		HideSolutionNode = FALSE
	EndGlobalSection
	GlobalSection(NestedProjects) = preSolution
		{A6004D80-E99D-4768-A292-4CACA0470A2A} = {0BD41B8E-9398-4F8E-B665-FD8515A6B4B9}
		{058F353A-BFDC-4B0D-ACC2-8C9517CDEA40} = {D2A87589-0387-450F-AD74-6742E4B25CB5}
	EndGlobalSection
	GlobalSection(ExtensibilityGlobals) = postSolution
		SolutionGuid = {64FA5946-983C-4DF9-8D79-2E0FF0AA9D46}
	EndGlobalSection
EndGlobal
